
Microsoft Visual Studio Solution File, Format Version 12.00
# Visual Studio 15
VisualStudioVersion = 15.0.28307.329
MinimumVisualStudioVersion = 10.0.40219.1
Project("{FAE04EC0-301F-11D3-BF4B-00C04F79EFBC}") = "t3", "t3\t3.csproj", "{2EFD7894-1E3D-43C5-B7E6-768127D1ABE8}"
EndProject
Global
	GlobalSection(SolutionConfigurationPlatforms) = preSolution
		Debug|Any CPU = Debug|Any CPU
		Release|Any CPU = Release|Any CPU
	EndGlobalSection
	GlobalSection(ProjectConfigurationPlatforms) = postSolution
		{2EFD7894-1E3D-43C5-B7E6-768127D1ABE8}.Debug|Any CPU.ActiveCfg = Debug|Any CPU
		{2EFD7894-1E3D-43C5-B7E6-768127D1ABE8}.Debug|Any CPU.Build.0 = Debug|Any CPU
		{2EFD7894-1E3D-43C5-B7E6-768127D1ABE8}.Release|Any CPU.ActiveCfg = Release|Any CPU
		{2EFD7894-1E3D-43C5-B7E6-768127D1ABE8}.Release|Any CPU.Build.0 = Release|Any CPU
	EndGlobalSection
	GlobalSection(SolutionProperties) = preSolution
		HideSolutionNode = FALSE
	EndGlobalSection
	GlobalSection(ExtensibilityGlobals) = postSolution
		SolutionGuid = {9FB838FA-E91D-4AA9-B867-03234DFEDECD}
	EndGlobalSection
EndGlobal
